
Microsoft Visual Studio Solution File, Format Version 12.00
# Visual Studio Version 16
VisualStudioVersion = 16.0.32510.428
MinimumVisualStudioVersion = 10.0.40219.1
Project("{FAE04EC0-301F-11D3-BF4B-00C04F79EFBC}") = "Desafio2", "Desafio2\Desafio2.csproj", "{5036901E-D072-42DD-B997-CB2FA8191023}"
EndProject
Global
	GlobalSection(SolutionConfigurationPlatforms) = preSolution
		Debug|Any CPU = Debug|Any CPU
		Release|Any CPU = Release|Any CPU
	EndGlobalSection
	GlobalSection(ProjectConfigurationPlatforms) = postSolution
		{5036901E-D072-42DD-B997-CB2FA8191023}.Debug|Any CPU.ActiveCfg = Debug|Any CPU
		{5036901E-D072-42DD-B997-CB2FA8191023}.Debug|Any CPU.Build.0 = Debug|Any CPU
		{5036901E-D072-42DD-B997-CB2FA8191023}.Release|Any CPU.ActiveCfg = Release|Any CPU
		{5036901E-D072-42DD-B997-CB2FA8191023}.Release|Any CPU.Build.0 = Release|Any CPU
	EndGlobalSection
	GlobalSection(SolutionProperties) = preSolution
		HideSolutionNode = FALSE
	EndGlobalSection
	GlobalSection(ExtensibilityGlobals) = postSolution
		SolutionGuid = {0BF05FFB-A10F-4FF6-9982-3D35160EBA8E}
	EndGlobalSection
EndGlobal
